
Microsoft Visual Studio Solution File, Format Version 12.00
# Visual Studio Version 17
VisualStudioVersion = 17.5.33502.453
MinimumVisualStudioVersion = 10.0.40219.1
Project("{FAE04EC0-301F-11D3-BF4B-00C04F79EFBC}") = "DBFirstExample", "DBFirstExample.csproj", "{50265AE9-3854-4A6E-A2FC-8118AC42189E}"
EndProject
Global
	GlobalSection(SolutionConfigurationPlatforms) = preSolution
		Debug|Any CPU = Debug|Any CPU
		Release|Any CPU = Release|Any CPU
	EndGlobalSection
	GlobalSection(ProjectConfigurationPlatforms) = postSolution
		{50265AE9-3854-4A6E-A2FC-8118AC42189E}.Debug|Any CPU.ActiveCfg = Debug|Any CPU
		{50265AE9-3854-4A6E-A2FC-8118AC42189E}.Debug|Any CPU.Build.0 = Debug|Any CPU
		{50265AE9-3854-4A6E-A2FC-8118AC42189E}.Release|Any CPU.ActiveCfg = Release|Any CPU
		{50265AE9-3854-4A6E-A2FC-8118AC42189E}.Release|Any CPU.Build.0 = Release|Any CPU
	EndGlobalSection
	GlobalSection(SolutionProperties) = preSolution
		HideSolutionNode = FALSE
	EndGlobalSection
	GlobalSection(ExtensibilityGlobals) = postSolution
		SolutionGuid = {E52BF9DF-8E93-485D-A389-5B0F7BDE1AD6}
	EndGlobalSection
EndGlobal
